{
  "name": "ngx-d-markdown",
  "version": "0.0.16",
  "lockfileVersion": 1,
  "requires": true,
  "dependencies": {
    "marked": {
      "version": "1.1.1",
      "resolved": "https://registry.npmjs.org/marked/-/marked-1.1.1.tgz",
      "integrity": "sha512-mJzT8D2yPxoPh7h0UXkB+dBj4FykPJ2OIfxAWeIHrvoHDkFxukV/29QxoFQoPM6RLEwhIFdJpmKBlqVM3s2ZIw=="
    },
    "prismjs": {
      "version": "1.24.0",
      "resolved": "https://registry.npmjs.org/prismjs/-/prismjs-1.24.0.tgz",
      "integrity": "sha512-SqV5GRsNqnzCL8k5dfAjCNhUrF3pR0A9lTDSCUZeh/LIshheXJEaP0hwLz2t4XHivd2J/v2HR+gRnigzeKe3cQ=="
    }
  }
}
